{
  "name": "hexsafe",
  "version": "0.2.33",
  "lockfileVersion": 1,
  "requires": true,
  "dependencies": {
    "bigdecimal": {
      "version": "0.6.1",
      "resolved": "https://registry.npmjs.org/bigdecimal/-/bigdecimal-0.6.1.tgz",
      "integrity": "sha1-GFiNS08ia3cxDtBFdIWMA2pUSFs="
    }
  }
}
